
Microsoft Visual Studio Solution File, Format Version 12.00
# Visual Studio Version 16
VisualStudioVersion = 16.0.31402.337
MinimumVisualStudioVersion = 10.0.40219.1
Project("{9A19103F-16F7-4668-BE54-9A1E7A4F7556}") = "Resources_In_Cache_Web", "Resources_In_Cache_Web\Resources_In_Cache_Web.csproj", "{7F8B74B8-FCD0-40FA-B47A-11071B154410}"
EndProject
Global
	GlobalSection(SolutionConfigurationPlatforms) = preSolution
		Debug|Any CPU = Debug|Any CPU
		Release|Any CPU = Release|Any CPU
	EndGlobalSection
	GlobalSection(ProjectConfigurationPlatforms) = postSolution
		{7F8B74B8-FCD0-40FA-B47A-11071B154410}.Debug|Any CPU.ActiveCfg = Debug|Any CPU
		{7F8B74B8-FCD0-40FA-B47A-11071B154410}.Debug|Any CPU.Build.0 = Debug|Any CPU
		{7F8B74B8-FCD0-40FA-B47A-11071B154410}.Release|Any CPU.ActiveCfg = Release|Any CPU
		{7F8B74B8-FCD0-40FA-B47A-11071B154410}.Release|Any CPU.Build.0 = Release|Any CPU
	EndGlobalSection
	GlobalSection(SolutionProperties) = preSolution
		HideSolutionNode = FALSE
	EndGlobalSection
	GlobalSection(ExtensibilityGlobals) = postSolution
		SolutionGuid = {0B529741-0064-41A1-B0BA-79E395C8D304}
	EndGlobalSection
EndGlobal
